// !$*UTF8*$!
{
	archiveVersion = 1;
	classes = {
	};
	objectVersion = 46;
	objects = {

/* Begin PBXBuildFile section */
		8C3482391A4E934C00CF78BA /* Foundation.framework in Frameworks */ = {isa = PBXBuildFile; fileRef = 8C3482381A4E934C00CF78BA /* Foundation.framework */; };
		8C34823B1A4E934C00CF78BA /* CoreGraphics.framework in Frameworks */ = {isa = PBXBuildFile; fileRef = 8C34823A1A4E934C00CF78BA /* CoreGraphics.framework */; };
		8C34823D1A4E934C00CF78BA /* UIKit.framework in Frameworks */ = {isa = PBXBuildFile; fileRef = 8C34823C1A4E934C00CF78BA /* UIKit.framework */; };
		8C3482431A4E934C00CF78BA /* InfoPlist.strings in Resources */ = {isa = PBXBuildFile; fileRef = 8C3482411A4E934C00CF78BA /* InfoPlist.strings */; };
		8C3482451A4E934C00CF78BA /* main.m in Sources */ = {isa = PBXBuildFile; fileRef = 8C3482441A4E934C00CF78BA /* main.m */; };
		8C3482491A4E934C00CF78BA /* AppDelegate.m in Sources */ = {isa = PBXBuildFile; fileRef = 8C3482481A4E934C00CF78BA /* AppDelegate.m */; };
		8C3482511A4E934C00CF78BA /* Images.xcassets in Resources */ = {isa = PBXBuildFile; fileRef = 8C3482501A4E934C00CF78BA /* Images.xcassets */; };
		8C3482581A4E934C00CF78BA /* XCTest.framework in Frameworks */ = {isa = PBXBuildFile; fileRef = 8C3482571A4E934C00CF78BA /* XCTest.framework */; };
		8C3482591A4E934C00CF78BA /* Foundation.framework in Frameworks */ = {isa = PBXBuildFile; fileRef = 8C3482381A4E934C00CF78BA /* Foundation.framework */; };
		8C34825A1A4E934C00CF78BA /* UIKit.framework in Frameworks */ = {isa = PBXBuildFile; fileRef = 8C34823C1A4E934C00CF78BA /* UIKit.framework */; };
		8C3482621A4E934C00CF78BA /* InfoPlist.strings in Resources */ = {isa = PBXBuildFile; fileRef = 8C3482601A4E934C00CF78BA /* InfoPlist.strings */; };
		8C3482641A4E934C00CF78BA /* DataSourceDelegateTests.m in Sources */ = {isa = PBXBuildFile; fileRef = 8C3482631A4E934C00CF78BA /* DataSourceDelegateTests.m */; };
		8C34827E1A4E937F00CF78BA /* Main.storyboard in Resources */ = {isa = PBXBuildFile; fileRef = 8C34826D1A4E937F00CF78BA /* Main.storyboard */; };
		8C34827F1A4E937F00CF78BA /* ViewController.m in Sources */ = {isa = PBXBuildFile; fileRef = 8C34826F1A4E937F00CF78BA /* ViewController.m */; };
		8C3482801A4E937F00CF78BA /* SmallDataSource.m in Sources */ = {isa = PBXBuildFile; fileRef = 8C3482701A4E937F00CF78BA /* SmallDataSource.m */; };
		8C3482811A4E937F00CF78BA /* BigtDataSource.m in Sources */ = {isa = PBXBuildFile; fileRef = 8C3482731A4E937F00CF78BA /* BigtDataSource.m */; };
		8C3482821A4E937F00CF78BA /* SecondTableViewCell.m in Sources */ = {isa = PBXBuildFile; fileRef = 8C3482751A4E937F00CF78BA /* SecondTableViewCell.m */; };
		8C3482831A4E937F00CF78BA /* SecondTableViewCell.xib in Resources */ = {isa = PBXBuildFile; fileRef = 8C3482761A4E937F00CF78BA /* SecondTableViewCell.xib */; };
		8C3482841A4E937F00CF78BA /* Entry.m in Sources */ = {isa = PBXBuildFile; fileRef = 8C3482781A4E937F00CF78BA /* Entry.m */; };
		8C3482851A4E937F00CF78BA /* TableViewController.m in Sources */ = {isa = PBXBuildFile; fileRef = 8C3482791A4E937F00CF78BA /* TableViewController.m */; };
		8C3482861A4E937F00CF78BA /* FirstTableViewCell.xib in Resources */ = {isa = PBXBuildFile; fileRef = 8C34827A1A4E937F00CF78BA /* FirstTableViewCell.xib */; };
		8C3482871A4E937F00CF78BA /* FirstTableViewCell.m in Sources */ = {isa = PBXBuildFile; fileRef = 8C34827C1A4E937F00CF78BA /* FirstTableViewCell.m */; };
/* End PBXBuildFile section */

/* Begin PBXContainerItemProxy section */
		8C34825B1A4E934C00CF78BA /* PBXContainerItemProxy */ = {
			isa = PBXContainerItemProxy;
			containerPortal = 8C34822D1A4E934C00CF78BA /* Project object */;
			proxyType = 1;
			remoteGlobalIDString = 8C3482341A4E934C00CF78BA;
			remoteInfo = DataSourceDelegate;
		};
/* End PBXContainerItemProxy section */

/* Begin PBXFileReference section */
		8C3482351A4E934C00CF78BA /* DataSourceDelegate.app */ = {isa = PBXFileReference; explicitFileType = wrapper.application; includeInIndex = 0; path = DataSourceDelegate.app; sourceTree = BUILT_PRODUCTS_DIR; };
		8C3482381A4E934C00CF78BA /* Foundation.framework */ = {isa = PBXFileReference; lastKnownFileType = wrapper.framework; name = Foundation.framework; path = System/Library/Frameworks/Foundation.framework; sourceTree = SDKROOT; };
		8C34823A1A4E934C00CF78BA /* CoreGraphics.framework */ = {isa = PBXFileReference; lastKnownFileType = wrapper.framework; name = CoreGraphics.framework; path = System/Library/Frameworks/CoreGraphics.framework; sourceTree = SDKROOT; };
		8C34823C1A4E934C00CF78BA /* UIKit.framework */ = {isa = PBXFileReference; lastKnownFileType = wrapper.framework; name = UIKit.framework; path = System/Library/Frameworks/UIKit.framework; sourceTree = SDKROOT; };
		8C3482401A4E934C00CF78BA /* DataSourceDelegate-Info.plist */ = {isa = PBXFileReference; lastKnownFileType = text.plist.xml; path = "DataSourceDelegate-Info.plist"; sourceTree = "<group>"; };
		8C3482421A4E934C00CF78BA /* en */ = {isa = PBXFileReference; lastKnownFileType = text.plist.strings; name = en; path = en.lproj/InfoPlist.strings; sourceTree = "<group>"; };
		8C3482441A4E934C00CF78BA /* main.m */ = {isa = PBXFileReference; lastKnownFileType = sourcecode.c.objc; path = main.m; sourceTree = "<group>"; };
		8C3482461A4E934C00CF78BA /* DataSourceDelegate-Prefix.pch */ = {isa = PBXFileReference; lastKnownFileType = sourcecode.c.h; path = "DataSourceDelegate-Prefix.pch"; sourceTree = "<group>"; };
		8C3482471A4E934C00CF78BA /* AppDelegate.h */ = {isa = PBXFileReference; lastKnownFileType = sourcecode.c.h; path = AppDelegate.h; sourceTree = "<group>"; };
		8C3482481A4E934C00CF78BA /* AppDelegate.m */ = {isa = PBXFileReference; lastKnownFileType = sourcecode.c.objc; path = AppDelegate.m; sourceTree = "<group>"; };
		8C3482501A4E934C00CF78BA /* Images.xcassets */ = {isa = PBXFileReference; lastKnownFileType = folder.assetcatalog; path = Images.xcassets; sourceTree = "<group>"; };
		8C3482561A4E934C00CF78BA /* DataSourceDelegateTests.xctest */ = {isa = PBXFileReference; explicitFileType = wrapper.cfbundle; includeInIndex = 0; path = DataSourceDelegateTests.xctest; sourceTree = BUILT_PRODUCTS_DIR; };
		8C3482571A4E934C00CF78BA /* XCTest.framework */ = {isa = PBXFileReference; lastKnownFileType = wrapper.framework; name = XCTest.framework; path = Library/Frameworks/XCTest.framework; sourceTree = DEVELOPER_DIR; };
		8C34825F1A4E934C00CF78BA /* DataSourceDelegateTests-Info.plist */ = {isa = PBXFileReference; lastKnownFileType = text.plist.xml; path = "DataSourceDelegateTests-Info.plist"; sourceTree = "<group>"; };
		8C3482611A4E934C00CF78BA /* en */ = {isa = PBXFileReference; lastKnownFileType = text.plist.strings; name = en; path = en.lproj/InfoPlist.strings; sourceTree = "<group>"; };
		8C3482631A4E934C00CF78BA /* DataSourceDelegateTests.m */ = {isa = PBXFileReference; lastKnownFileType = sourcecode.c.objc; path = DataSourceDelegateTests.m; sourceTree = "<group>"; };
		8C34826D1A4E937F00CF78BA /* Main.storyboard */ = {isa = PBXFileReference; fileEncoding = 4; lastKnownFileType = file.storyboard; path = Main.storyboard; sourceTree = "<group>"; };
		8C34826E1A4E937F00CF78BA /* TableViewController.h */ = {isa = PBXFileReference; fileEncoding = 4; lastKnownFileType = sourcecode.c.h; path = TableViewController.h; sourceTree = "<group>"; };
		8C34826F1A4E937F00CF78BA /* ViewController.m */ = {isa = PBXFileReference; fileEncoding = 4; lastKnownFileType = sourcecode.c.objc; path = ViewController.m; sourceTree = "<group>"; };
		8C3482701A4E937F00CF78BA /* SmallDataSource.m */ = {isa = PBXFileReference; fileEncoding = 4; lastKnownFileType = sourcecode.c.objc; path = SmallDataSource.m; sourceTree = "<group>"; };
		8C3482711A4E937F00CF78BA /* SmallDataSource.h */ = {isa = PBXFileReference; fileEncoding = 4; lastKnownFileType = sourcecode.c.h; path = SmallDataSource.h; sourceTree = "<group>"; };
		8C3482721A4E937F00CF78BA /* BigtDataSource.h */ = {isa = PBXFileReference; fileEncoding = 4; lastKnownFileType = sourcecode.c.h; path = BigtDataSource.h; sourceTree = "<group>"; };
		8C3482731A4E937F00CF78BA /* BigtDataSource.m */ = {isa = PBXFileReference; fileEncoding = 4; lastKnownFileType = sourcecode.c.objc; path = BigtDataSource.m; sourceTree = "<group>"; };
		8C3482741A4E937F00CF78BA /* SecondTableViewCell.h */ = {isa = PBXFileReference; fileEncoding = 4; lastKnownFileType = sourcecode.c.h; path = SecondTableViewCell.h; sourceTree = "<group>"; };
		8C3482751A4E937F00CF78BA /* SecondTableViewCell.m */ = {isa = PBXFileReference; fileEncoding = 4; lastKnownFileType = sourcecode.c.objc; path = SecondTableViewCell.m; sourceTree = "<group>"; };
		8C3482761A4E937F00CF78BA /* SecondTableViewCell.xib */ = {isa = PBXFileReference; fileEncoding = 4; lastKnownFileType = file.xib; path = SecondTableViewCell.xib; sourceTree = "<group>"; };
		8C3482771A4E937F00CF78BA /* Entry.h */ = {isa = PBXFileReference; fileEncoding = 4; lastKnownFileType = sourcecode.c.h; path = Entry.h; sourceTree = "<group>"; };
		8C3482781A4E937F00CF78BA /* Entry.m */ = {isa = PBXFileReference; fileEncoding = 4; lastKnownFileType = sourcecode.c.objc; path = Entry.m; sourceTree = "<group>"; };
		8C3482791A4E937F00CF78BA /* TableViewController.m */ = {isa = PBXFileReference; fileEncoding = 4; lastKnownFileType = sourcecode.c.objc; path = TableViewController.m; sourceTree = "<group>"; };
		8C34827A1A4E937F00CF78BA /* FirstTableViewCell.xib */ = {isa = PBXFileReference; fileEncoding = 4; lastKnownFileType = file.xib; path = FirstTableViewCell.xib; sourceTree = "<group>"; };
		8C34827B1A4E937F00CF78BA /* ViewController.h */ = {isa = PBXFileReference; fileEncoding = 4; lastKnownFileType = sourcecode.c.h; path = ViewController.h; sourceTree = "<group>"; };
		8C34827C1A4E937F00CF78BA /* FirstTableViewCell.m */ = {isa = PBXFileReference; fileEncoding = 4; lastKnownFileType = sourcecode.c.objc; path = FirstTableViewCell.m; sourceTree = "<group>"; };
		8C34827D1A4E937F00CF78BA /* FirstTableViewCell.h */ = {isa = PBXFileReference; fileEncoding = 4; lastKnownFileType = sourcecode.c.h; path = FirstTableViewCell.h; sourceTree = "<group>"; };
/* End PBXFileReference section */

/* Begin PBXFrameworksBuildPhase section */
		8C3482321A4E934C00CF78BA /* Frameworks */ = {
			isa = PBXFrameworksBuildPhase;
			buildActionMask = 2147483647;
			files = (
				8C34823B1A4E934C00CF78BA /* CoreGraphics.framework in Frameworks */,
				8C34823D1A4E934C00CF78BA /* UIKit.framework in Frameworks */,
				8C3482391A4E934C00CF78BA /* Foundation.framework in Frameworks */,
			);
			runOnlyForDeploymentPostprocessing = 0;
		};
		8C3482531A4E934C00CF78BA /* Frameworks */ = {
			isa = PBXFrameworksBuildPhase;
			buildActionMask = 2147483647;
			files = (
				8C3482581A4E934C00CF78BA /* XCTest.framework in Frameworks */,
				8C34825A1A4E934C00CF78BA /* UIKit.framework in Frameworks */,
				8C3482591A4E934C00CF78BA /* Foundation.framework in Frameworks */,
			);
			runOnlyForDeploymentPostprocessing = 0;
		};
/* End PBXFrameworksBuildPhase section */

/* Begin PBXGroup section */
		8C34822C1A4E934C00CF78BA = {
			isa = PBXGroup;
			children = (
				8C34823E1A4E934C00CF78BA /* DataSourceDelegate */,
				8C34825D1A4E934C00CF78BA /* DataSourceDelegateTests */,
				8C3482371A4E934C00CF78BA /* Frameworks */,
				8C3482361A4E934C00CF78BA /* Products */,
			);
			sourceTree = "<group>";
		};
		8C3482361A4E934C00CF78BA /* Products */ = {
			isa = PBXGroup;
			children = (
				8C3482351A4E934C00CF78BA /* DataSourceDelegate.app */,
				8C3482561A4E934C00CF78BA /* DataSourceDelegateTests.xctest */,
			);
			name = Products;
			sourceTree = "<group>";
		};
		8C3482371A4E934C00CF78BA /* Frameworks */ = {
			isa = PBXGroup;
			children = (
				8C3482381A4E934C00CF78BA /* Foundation.framework */,
				8C34823A1A4E934C00CF78BA /* CoreGraphics.framework */,
				8C34823C1A4E934C00CF78BA /* UIKit.framework */,
				8C3482571A4E934C00CF78BA /* XCTest.framework */,
			);
			name = Frameworks;
			sourceTree = "<group>";
		};
		8C34823E1A4E934C00CF78BA /* DataSourceDelegate */ = {
			isa = PBXGroup;
			children = (
				8C34828B1A4E93B500CF78BA /* Data Sournce */,
				8C34828A1A4E93AD00CF78BA /* Model */,
				8C3482891A4E93A500CF78BA /* View Controller */,
				8C3482881A4E939C00CF78BA /* View */,
				8C34826D1A4E937F00CF78BA /* Main.storyboard */,
				8C3482471A4E934C00CF78BA /* AppDelegate.h */,
				8C3482481A4E934C00CF78BA /* AppDelegate.m */,
				8C3482501A4E934C00CF78BA /* Images.xcassets */,
				8C34823F1A4E934C00CF78BA /* Supporting Files */,
			);
			path = DataSourceDelegate;
			sourceTree = "<group>";
		};
		8C34823F1A4E934C00CF78BA /* Supporting Files */ = {
			isa = PBXGroup;
			children = (
				8C3482401A4E934C00CF78BA /* DataSourceDelegate-Info.plist */,
				8C3482411A4E934C00CF78BA /* InfoPlist.strings */,
				8C3482441A4E934C00CF78BA /* main.m */,
				8C3482461A4E934C00CF78BA /* DataSourceDelegate-Prefix.pch */,
			);
			name = "Supporting Files";
			sourceTree = "<group>";
		};
		8C34825D1A4E934C00CF78BA /* DataSourceDelegateTests */ = {
			isa = PBXGroup;
			children = (
				8C3482631A4E934C00CF78BA /* DataSourceDelegateTests.m */,
				8C34825E1A4E934C00CF78BA /* Supporting Files */,
			);
			path = DataSourceDelegateTests;
			sourceTree = "<group>";
		};
		8C34825E1A4E934C00CF78BA /* Supporting Files */ = {
			isa = PBXGroup;
			children = (
				8C34825F1A4E934C00CF78BA /* DataSourceDelegateTests-Info.plist */,
				8C3482601A4E934C00CF78BA /* InfoPlist.strings */,
			);
			name = "Supporting Files";
			sourceTree = "<group>";
		};
		8C3482881A4E939C00CF78BA /* View */ = {
			isa = PBXGroup;
			children = (
				8C3482741A4E937F00CF78BA /* SecondTableViewCell.h */,
				8C3482751A4E937F00CF78BA /* SecondTableViewCell.m */,
				8C3482761A4E937F00CF78BA /* SecondTableViewCell.xib */,
				8C34827A1A4E937F00CF78BA /* FirstTableViewCell.xib */,
				8C34827C1A4E937F00CF78BA /* FirstTableViewCell.m */,
				8C34827D1A4E937F00CF78BA /* FirstTableViewCell.h */,
			);
			name = View;
			sourceTree = "<group>";
		};
		8C3482891A4E93A500CF78BA /* View Controller */ = {
			isa = PBXGroup;
			children = (
				8C34826E1A4E937F00CF78BA /* TableViewController.h */,
				8C34826F1A4E937F00CF78BA /* ViewController.m */,
				8C3482791A4E937F00CF78BA /* TableViewController.m */,
				8C34827B1A4E937F00CF78BA /* ViewController.h */,
			);
			name = "View Controller";
			sourceTree = "<group>";
		};
		8C34828A1A4E93AD00CF78BA /* Model */ = {
			isa = PBXGroup;
			children = (
				8C3482771A4E937F00CF78BA /* Entry.h */,
				8C3482781A4E937F00CF78BA /* Entry.m */,
			);
			name = Model;
			sourceTree = "<group>";
		};
		8C34828B1A4E93B500CF78BA /* Data Sournce */ = {
			isa = PBXGroup;
			children = (
				8C3482701A4E937F00CF78BA /* SmallDataSource.m */,
				8C3482711A4E937F00CF78BA /* SmallDataSource.h */,
				8C3482721A4E937F00CF78BA /* BigtDataSource.h */,
				8C3482731A4E937F00CF78BA /* BigtDataSource.m */,
			);
			name = "Data Sournce";
			sourceTree = "<group>";
		};
/* End PBXGroup section */

/* Begin PBXNativeTarget section */
		8C3482341A4E934C00CF78BA /* DataSourceDelegate */ = {
			isa = PBXNativeTarget;
			buildConfigurationList = 8C3482671A4E934C00CF78BA /* Build configuration list for PBXNativeTarget "DataSourceDelegate" */;
			buildPhases = (
				8C3482311A4E934C00CF78BA /* Sources */,
				8C3482321A4E934C00CF78BA /* Frameworks */,
				8C3482331A4E934C00CF78BA /* Resources */,
			);
			buildRules = (
			);
			dependencies = (
			);
			name = DataSourceDelegate;
			productName = DataSourceDelegate;
			productReference = 8C3482351A4E934C00CF78BA /* DataSourceDelegate.app */;
			productType = "com.apple.product-type.application";
		};
		8C3482551A4E934C00CF78BA /* DataSourceDelegateTests */ = {
			isa = PBXNativeTarget;
			buildConfigurationList = 8C34826A1A4E934C00CF78BA /* Build configuration list for PBXNativeTarget "DataSourceDelegateTests" */;
			buildPhases = (
				8C3482521A4E934C00CF78BA /* Sources */,
				8C3482531A4E934C00CF78BA /* Frameworks */,
				8C3482541A4E934C00CF78BA /* Resources */,
			);
			buildRules = (
			);
			dependencies = (
				8C34825C1A4E934C00CF78BA /* PBXTargetDependency */,
			);
			name = DataSourceDelegateTests;
			productName = DataSourceDelegateTests;
			productReference = 8C3482561A4E934C00CF78BA /* DataSourceDelegateTests.xctest */;
			productType = "com.apple.product-type.bundle.unit-test";
		};
/* End PBXNativeTarget section */

/* Begin PBXProject section */
		8C34822D1A4E934C00CF78BA /* Project object */ = {
			isa = PBXProject;
			attributes = {
				LastUpgradeCheck = 0510;
				ORGANIZATIONNAME = jtribe;
				TargetAttributes = {
					8C3482551A4E934C00CF78BA = {
						TestTargetID = 8C3482341A4E934C00CF78BA;
					};
				};
			};
			buildConfigurationList = 8C3482301A4E934C00CF78BA /* Build configuration list for PBXProject "DataSourceDelegate" */;
			compatibilityVersion = "Xcode 3.2";
			developmentRegion = English;
			hasScannedForEncodings = 0;
			knownRegions = (
				en,
				Base,
			);
			mainGroup = 8C34822C1A4E934C00CF78BA;
			productRefGroup = 8C3482361A4E934C00CF78BA /* Products */;
			projectDirPath = "";
			projectRoot = "";
			targets = (
				8C3482341A4E934C00CF78BA /* DataSourceDelegate */,
				8C3482551A4E934C00CF78BA /* DataSourceDelegateTests */,
			);
		};
/* End PBXProject section */

/* Begin PBXResourcesBuildPhase section */
		8C3482331A4E934C00CF78BA /* Resources */ = {
			isa = PBXResourcesBuildPhase;
			buildActionMask = 2147483647;
			files = (
				8C3482861A4E937F00CF78BA /* FirstTableViewCell.xib in Resources */,
				8C34827E1A4E937F00CF78BA /* Main.storyboard in Resources */,
				8C3482511A4E934C00CF78BA /* Images.xcassets in Resources */,
				8C3482431A4E934C00CF78BA /* InfoPlist.strings in Resources */,
				8C3482831A4E937F00CF78BA /* SecondTableViewCell.xib in Resources */,
			);
			runOnlyForDeploymentPostprocessing = 0;
		};
		8C3482541A4E934C00CF78BA /* Resources */ = {
			isa = PBXResourcesBuildPhase;
			buildActionMask = 2147483647;
			files = (
				8C3482621A4E934C00CF78BA /* InfoPlist.strings in Resources */,
			);
			runOnlyForDeploymentPostprocessing = 0;
		};
/* End PBXResourcesBuildPhase section */

/* Begin PBXSourcesBuildPhase section */
		8C3482311A4E934C00CF78BA /* Sources */ = {
			isa = PBXSourcesBuildPhase;
			buildActionMask = 2147483647;
			files = (
				8C3482801A4E937F00CF78BA /* SmallDataSource.m in Sources */,
				8C34827F1A4E937F00CF78BA /* ViewController.m in Sources */,
				8C3482841A4E937F00CF78BA /* Entry.m in Sources */,
				8C3482491A4E934C00CF78BA /* AppDelegate.m in Sources */,
				8C3482821A4E937F00CF78BA /* SecondTableViewCell.m in Sources */,
				8C3482811A4E937F00CF78BA /* BigtDataSource.m in Sources */,
				8C3482451A4E934C00CF78BA /* main.m in Sources */,
				8C3482851A4E937F00CF78BA /* TableViewController.m in Sources */,
				8C3482871A4E937F00CF78BA /* FirstTableViewCell.m in Sources */,
			);
			runOnlyForDeploymentPostprocessing = 0;
		};
		8C3482521A4E934C00CF78BA /* Sources */ = {
			isa = PBXSourcesBuildPhase;
			buildActionMask = 2147483647;
			files = (
				8C3482641A4E934C00CF78BA /* DataSourceDelegateTests.m in Sources */,
			);
			runOnlyForDeploymentPostprocessing = 0;
		};
/* End PBXSourcesBuildPhase section */

/* Begin PBXTargetDependency section */
		8C34825C1A4E934C00CF78BA /* PBXTargetDependency */ = {
			isa = PBXTargetDependency;
			target = 8C3482341A4E934C00CF78BA /* DataSourceDelegate */;
			targetProxy = 8C34825B1A4E934C00CF78BA /* PBXContainerItemProxy */;
		};
/* End PBXTargetDependency section */

/* Begin PBXVariantGroup section */
		8C3482411A4E934C00CF78BA /* InfoPlist.strings */ = {
			isa = PBXVariantGroup;
			children = (
				8C3482421A4E934C00CF78BA /* en */,
			);
			name = InfoPlist.strings;
			sourceTree = "<group>";
		};
		8C3482601A4E934C00CF78BA /* InfoPlist.strings */ = {
			isa = PBXVariantGroup;
			children = (
				8C3482611A4E934C00CF78BA /* en */,
			);
			name = InfoPlist.strings;
			sourceTree = "<group>";
		};
/* End PBXVariantGroup section */

/* Begin XCBuildConfiguration section */
		8C3482651A4E934C00CF78BA /* Debug */ = {
			isa = XCBuildConfiguration;
			buildSettings = {
				ALWAYS_SEARCH_USER_PATHS = NO;
				CLANG_CXX_LANGUAGE_STANDARD = "gnu++0x";
				CLANG_CXX_LIBRARY = "libc++";
				CLANG_ENABLE_MODULES = YES;
				CLANG_ENABLE_OBJC_ARC = YES;
				CLANG_WARN_BOOL_CONVERSION = YES;
				CLANG_WARN_CONSTANT_CONVERSION = YES;
				CLANG_WARN_DIRECT_OBJC_ISA_USAGE = YES_ERROR;
				CLANG_WARN_EMPTY_BODY = YES;
				CLANG_WARN_ENUM_CONVERSION = YES;
				CLANG_WARN_INT_CONVERSION = YES;
				CLANG_WARN_OBJC_ROOT_CLASS = YES_ERROR;
				CLANG_WARN__DUPLICATE_METHOD_MATCH = YES;
				"CODE_SIGN_IDENTITY[sdk=iphoneos*]" = "iPhone Developer";
				COPY_PHASE_STRIP = NO;
				GCC_C_LANGUAGE_STANDARD = gnu99;
				GCC_DYNAMIC_NO_PIC = NO;
				GCC_OPTIMIZATION_LEVEL = 0;
				GCC_PREPROCESSOR_DEFINITIONS = (
					"DEBUG=1",
					"$(inherited)",
				);
				GCC_SYMBOLS_PRIVATE_EXTERN = NO;
				GCC_WARN_64_TO_32_BIT_CONVERSION = YES;
				GCC_WARN_ABOUT_RETURN_TYPE = YES_ERROR;
				GCC_WARN_UNDECLARED_SELECTOR = YES;
				GCC_WARN_UNINITIALIZED_AUTOS = YES_AGGRESSIVE;
				GCC_WARN_UNUSED_FUNCTION = YES;
				GCC_WARN_UNUSED_VARIABLE = YES;
				IPHONEOS_DEPLOYMENT_TARGET = 7.1;
				ONLY_ACTIVE_ARCH = YES;
				SDKROOT = iphoneos;
			};
			name = Debug;
		};
		8C3482661A4E934C00CF78BA /* Release */ = {
			isa = XCBuildConfiguration;
			buildSettings = {
				ALWAYS_SEARCH_USER_PATHS = NO;
				CLANG_CXX_LANGUAGE_STANDARD = "gnu++0x";
				CLANG_CXX_LIBRARY = "libc++";
				CLANG_ENABLE_MODULES = YES;
				CLANG_ENABLE_OBJC_ARC = YES;
				CLANG_WARN_BOOL_CONVERSION = YES;
				CLANG_WARN_CONSTANT_CONVERSION = YES;
				CLANG_WARN_DIRECT_OBJC_ISA_USAGE = YES_ERROR;
				CLANG_WARN_EMPTY_BODY = YES;
				CLANG_WARN_ENUM_CONVERSION = YES;
				CLANG_WARN_INT_CONVERSION = YES;
				CLANG_WARN_OBJC_ROOT_CLASS = YES_ERROR;
				CLANG_WARN__DUPLICATE_METHOD_MATCH = YES;
				"CODE_SIGN_IDENTITY[sdk=iphoneos*]" = "iPhone Developer";
				COPY_PHASE_STRIP = YES;
				ENABLE_NS_ASSERTIONS = NO;
				GCC_C_LANGUAGE_STANDARD = gnu99;
				GCC_WARN_64_TO_32_BIT_CONVERSION = YES;
				GCC_WARN_ABOUT_RETURN_TYPE = YES_ERROR;
				GCC_WARN_UNDECLARED_SELECTOR = YES;
				GCC_WARN_UNINITIALIZED_AUTOS = YES_AGGRESSIVE;
				GCC_WARN_UNUSED_FUNCTION = YES;
				GCC_WARN_UNUSED_VARIABLE = YES;
				IPHONEOS_DEPLOYMENT_TARGET = 7.1;
				SDKROOT = iphoneos;
				VALIDATE_PRODUCT = YES;
			};
			name = Release;
		};
		8C3482681A4E934C00CF78BA /* Debug */ = {
			isa = XCBuildConfiguration;
			buildSettings = {
				ASSETCATALOG_COMPILER_APPICON_NAME = AppIcon;
				ASSETCATALOG_COMPILER_LAUNCHIMAGE_NAME = LaunchImage;
				GCC_PRECOMPILE_PREFIX_HEADER = YES;
				GCC_PREFIX_HEADER = "DataSourceDelegate/DataSourceDelegate-Prefix.pch";
				INFOPLIST_FILE = "DataSourceDelegate/DataSourceDelegate-Info.plist";
				PRODUCT_NAME = "$(TARGET_NAME)";
				WRAPPER_EXTENSION = app;
			};
			name = Debug;
		};
		8C3482691A4E934C00CF78BA /* Release */ = {
			isa = XCBuildConfiguration;
			buildSettings = {
				ASSETCATALOG_COMPILER_APPICON_NAME = AppIcon;
				ASSETCATALOG_COMPILER_LAUNCHIMAGE_NAME = LaunchImage;
				GCC_PRECOMPILE_PREFIX_HEADER = YES;
				GCC_PREFIX_HEADER = "DataSourceDelegate/DataSourceDelegate-Prefix.pch";
				INFOPLIST_FILE = "DataSourceDelegate/DataSourceDelegate-Info.plist";
				PRODUCT_NAME = "$(TARGET_NAME)";
				WRAPPER_EXTENSION = app;
			};
			name = Release;
		};
		8C34826B1A4E934C00CF78BA /* Debug */ = {
			isa = XCBuildConfiguration;
			buildSettings = {
				BUNDLE_LOADER = "$(BUILT_PRODUCTS_DIR)/DataSourceDelegate.app/DataSourceDelegate";
				FRAMEWORK_SEARCH_PATHS = (
					"$(SDKROOT)/Developer/Library/Frameworks",
					"$(inherited)",
					"$(DEVELOPER_FRAMEWORKS_DIR)",
				);
				GCC_PRECOMPILE_PREFIX_HEADER = YES;
				GCC_PREFIX_HEADER = "DataSourceDelegate/DataSourceDelegate-Prefix.pch";
				GCC_PREPROCESSOR_DEFINITIONS = (
					"DEBUG=1",
					"$(inherited)",
				);
				INFOPLIST_FILE = "DataSourceDelegateTests/DataSourceDelegateTests-Info.plist";
				PRODUCT_NAME = "$(TARGET_NAME)";
				TEST_HOST = "$(BUNDLE_LOADER)";
				WRAPPER_EXTENSION = xctest;
			};
			name = Debug;
		};
		8C34826C1A4E934C00CF78BA /* Release */ = {
			isa = XCBuildConfiguration;
			buildSettings = {
				BUNDLE_LOADER = "$(BUILT_PRODUCTS_DIR)/DataSourceDelegate.app/DataSourceDelegate";
				FRAMEWORK_SEARCH_PATHS = (
					"$(SDKROOT)/Developer/Library/Frameworks",
					"$(inherited)",
					"$(DEVELOPER_FRAMEWORKS_DIR)",
				);
				GCC_PRECOMPILE_PREFIX_HEADER = YES;
				GCC_PREFIX_HEADER = "DataSourceDelegate/DataSourceDelegate-Prefix.pch";
				INFOPLIST_FILE = "DataSourceDelegateTests/DataSourceDelegateTests-Info.plist";
				PRODUCT_NAME = "$(TARGET_NAME)";
				TEST_HOST = "$(BUNDLE_LOADER)";
				WRAPPER_EXTENSION = xctest;
			};
			name = Release;
		};
/* End XCBuildConfiguration section */

/* Begin XCConfigurationList section */
		8C3482301A4E934C00CF78BA /* Build configuration list for PBXProject "DataSourceDelegate" */ = {
			isa = XCConfigurationList;
			buildConfigurations = (
				8C3482651A4E934C00CF78BA /* Debug */,
				8C3482661A4E934C00CF78BA /* Release */,
			);
			defaultConfigurationIsVisible = 0;
			defaultConfigurationName = Release;
		};
		8C3482671A4E934C00CF78BA /* Build configuration list for PBXNativeTarget "DataSourceDelegate" */ = {
			isa = XCConfigurationList;
			buildConfigurations = (
				8C3482681A4E934C00CF78BA /* Debug */,
				8C3482691A4E934C00CF78BA /* Release */,
			);
			defaultConfigurationIsVisible = 0;
		};
		8C34826A1A4E934C00CF78BA /* Build configuration list for PBXNativeTarget "DataSourceDelegateTests" */ = {
			isa = XCConfigurationList;
			buildConfigurations = (
				8C34826B1A4E934C00CF78BA /* Debug */,
				8C34826C1A4E934C00CF78BA /* Release */,
			);
			defaultConfigurationIsVisible = 0;
		};
/* End XCConfigurationList section */
	};
	rootObject = 8C34822D1A4E934C00CF78BA /* Project object */;
}
